
Microsoft Visual Studio Solution File, Format Version 12.00
# Visual Studio 14
VisualStudioVersion = 14.0.23107.0
MinimumVisualStudioVersion = 10.0.40219.1
Project("{FAE04EC0-301F-11D3-BF4B-00C04F79EFBC}") = "Badge Printer", "Badge Printer\Badge Printer.csproj", "{31DFA5A1-503B-402D-8D89-619E685C0A75}"
EndProject
Project("{FAE04EC0-301F-11D3-BF4B-00C04F79EFBC}") = "ConventionReportObjects", "..\ConventionReportDataObjects\ConventionReportObjects.csproj", "{C051A071-B956-42CD-87CF-CCAE42EBCB8C}"
EndProject
Project("{2150E333-8FDC-42A3-9474-1A3956D46DE8}") = "Solution Items", "Solution Items", "{F0D4087D-9B54-40C0-A3C9-06BEA986DCEB}"
EndProject
Project("{2150E333-8FDC-42A3-9474-1A3956D46DE8}") = "Images", "Images", "{F3CC1D89-6FC3-459B-97FC-2BCEFDED489B}"
EndProject
Global
	GlobalSection(SolutionConfigurationPlatforms) = preSolution
		Debug|Any CPU = Debug|Any CPU
		Release|Any CPU = Release|Any CPU
	EndGlobalSection
	GlobalSection(ProjectConfigurationPlatforms) = postSolution
		{31DFA5A1-503B-402D-8D89-619E685C0A75}.Debug|Any CPU.ActiveCfg = Debug|Any CPU
		{31DFA5A1-503B-402D-8D89-619E685C0A75}.Debug|Any CPU.Build.0 = Debug|Any CPU
		{31DFA5A1-503B-402D-8D89-619E685C0A75}.Release|Any CPU.ActiveCfg = Release|Any CPU
		{31DFA5A1-503B-402D-8D89-619E685C0A75}.Release|Any CPU.Build.0 = Release|Any CPU
		{C051A071-B956-42CD-87CF-CCAE42EBCB8C}.Debug|Any CPU.ActiveCfg = Debug|Any CPU
		{C051A071-B956-42CD-87CF-CCAE42EBCB8C}.Debug|Any CPU.Build.0 = Debug|Any CPU
		{C051A071-B956-42CD-87CF-CCAE42EBCB8C}.Release|Any CPU.ActiveCfg = Release|Any CPU
		{C051A071-B956-42CD-87CF-CCAE42EBCB8C}.Release|Any CPU.Build.0 = Release|Any CPU
	EndGlobalSection
	GlobalSection(SolutionProperties) = preSolution
		HideSolutionNode = FALSE
	EndGlobalSection
EndGlobal
